
Microsoft Visual Studio Solution File, Format Version 12.00
# Visual Studio 15
VisualStudioVersion = 15.0.27703.2042
MinimumVisualStudioVersion = 10.0.40219.1
Project("{FAE04EC0-301F-11D3-BF4B-00C04F79EFBC}") = "SliderControl", "SliderControl\SliderControl.csproj", "{B4BA31F7-1D81-44B8-B992-A329C346352A}"
EndProject
Global
	GlobalSection(SolutionConfigurationPlatforms) = preSolution
		Debug|Any CPU = Debug|Any CPU
		Release|Any CPU = Release|Any CPU
	EndGlobalSection
	GlobalSection(ProjectConfigurationPlatforms) = postSolution
		{B4BA31F7-1D81-44B8-B992-A329C346352A}.Debug|Any CPU.ActiveCfg = Debug|Any CPU
		{B4BA31F7-1D81-44B8-B992-A329C346352A}.Debug|Any CPU.Build.0 = Debug|Any CPU
		{B4BA31F7-1D81-44B8-B992-A329C346352A}.Release|Any CPU.ActiveCfg = Release|Any CPU
		{B4BA31F7-1D81-44B8-B992-A329C346352A}.Release|Any CPU.Build.0 = Release|Any CPU
	EndGlobalSection
	GlobalSection(SolutionProperties) = preSolution
		HideSolutionNode = FALSE
	EndGlobalSection
	GlobalSection(ExtensibilityGlobals) = postSolution
		SolutionGuid = {2DA483CA-1355-44EB-9816-97A5A79A7804}
	EndGlobalSection
EndGlobal
