
Microsoft Visual Studio Solution File, Format Version 12.00
# Visual Studio 15
VisualStudioVersion = 15.0.27703.2042
MinimumVisualStudioVersion = 10.0.40219.1
Project("{FAE04EC0-301F-11D3-BF4B-00C04F79EFBC}") = "CygSoft.SmartSession.Domain.UnitTests", "CygSoft.SmartSession.Domain.UnitTests\CygSoft.SmartSession.Domain.UnitTests.csproj", "{9AE6DB44-34FA-429B-A330-D7C718F5C408}"
EndProject
Project("{FAE04EC0-301F-11D3-BF4B-00C04F79EFBC}") = "CygSoft.SmartSession.Domain", "CygSoft.SmartSession.Domain\CygSoft.SmartSession.Domain.csproj", "{5E5C771F-A122-423A-8CC3-27488E9E054A}"
EndProject
Project("{FAE04EC0-301F-11D3-BF4B-00C04F79EFBC}") = "CygSoft.SmartSession.Infrastructure", "CygSoft.SmartSession.Infrastructure\CygSoft.SmartSession.Infrastructure.csproj", "{26F5ECF2-47A5-481D-B9AD-E128B19F9EED}"
EndProject
Project("{FAE04EC0-301F-11D3-BF4B-00C04F79EFBC}") = "CygSoft.SmartSession.Desktop", "CygSoft.SmartSession.Desktop\CygSoft.SmartSession.Desktop.csproj", "{A76E9F48-EA83-43CF-B13B-CBAFC62DE5F7}"
EndProject
Project("{FAE04EC0-301F-11D3-BF4B-00C04F79EFBC}") = "CygSoft.SmartSession.Desktop.UnitTests", "CygSoft.SmartSession.Desktop.UnitTests\CygSoft.SmartSession.Desktop.UnitTests.csproj", "{D649E315-E43A-4BA7-A5E7-8BA4308DFF57}"
EndProject
Project("{2150E333-8FDC-42A3-9474-1A3956D46DE8}") = "Solution Items", "Solution Items", "{E56D3F42-4560-42AF-AFE0-35BC2EB9CAE6}"
	ProjectSection(SolutionItems) = preProject
		README.txt = README.txt
	EndProjectSection
EndProject
Project("{FAE04EC0-301F-11D3-BF4B-00C04F79EFBC}") = "CygSoft.SmartSession.Dal.MySql", "CygSoft.SmartSession.Dal.MySql\CygSoft.SmartSession.Dal.MySql.csproj", "{1F594C76-CEF2-4F10-9D61-A76740C13049}"
EndProject
Project("{FAE04EC0-301F-11D3-BF4B-00C04F79EFBC}") = "CygSoft.SmartSession.Dal.MySql.IntegrationTests", "CygSoft.SmartSession.Dal.MySql.IntegrationTests\CygSoft.SmartSession.Dal.MySql.IntegrationTests.csproj", "{B324E8AC-7F15-41A2-BA3F-D260D1E2F215}"
EndProject
Project("{FAE04EC0-301F-11D3-BF4B-00C04F79EFBC}") = "CygSoft.SmartSession.UnitTests.Infrastructure", "CygSoft.SmartSession.UnitTests.Infrastructure\CygSoft.SmartSession.UnitTests.Infrastructure.csproj", "{71865433-9232-4299-A827-257664BBB16E}"
EndProject
Project("{FAE04EC0-301F-11D3-BF4B-00C04F79EFBC}") = "CygSoft.SmartSession.Desktop.TreeList", "CygSoft.SmartSession.Desktop.TreeList\CygSoft.SmartSession.Desktop.TreeList.csproj", "{D17CD489-1B14-47EB-8C22-C189D078AEC9}"
EndProject
Project("{FAE04EC0-301F-11D3-BF4B-00C04F79EFBC}") = "CygSoft.SmartSession.Desktop.TreeList.Demo", "CygSoft.SmartSession.Desktop.TreeList.Demo\CygSoft.SmartSession.Desktop.TreeList.Demo.csproj", "{224CA513-4213-4FD2-AE66-2227F91DCE6B}"
EndProject
Project("{FAE04EC0-301F-11D3-BF4B-00C04F79EFBC}") = "CygSoft.SmartSession.Desktop.TreeList.UnitTests", "CygSoft.SmartSession.Desktop.TreeList.UnitTests\CygSoft.SmartSession.Desktop.TreeList.UnitTests.csproj", "{6958EFD4-48AF-4DDA-A780-C55E7269F54C}"
EndProject
Global
	GlobalSection(SolutionConfigurationPlatforms) = preSolution
		Debug|Any CPU = Debug|Any CPU
		Release|Any CPU = Release|Any CPU
	EndGlobalSection
	GlobalSection(ProjectConfigurationPlatforms) = postSolution
		{9AE6DB44-34FA-429B-A330-D7C718F5C408}.Debug|Any CPU.ActiveCfg = Debug|Any CPU
		{9AE6DB44-34FA-429B-A330-D7C718F5C408}.Debug|Any CPU.Build.0 = Debug|Any CPU
		{9AE6DB44-34FA-429B-A330-D7C718F5C408}.Release|Any CPU.ActiveCfg = Release|Any CPU
		{9AE6DB44-34FA-429B-A330-D7C718F5C408}.Release|Any CPU.Build.0 = Release|Any CPU
		{5E5C771F-A122-423A-8CC3-27488E9E054A}.Debug|Any CPU.ActiveCfg = Debug|Any CPU
		{5E5C771F-A122-423A-8CC3-27488E9E054A}.Debug|Any CPU.Build.0 = Debug|Any CPU
		{5E5C771F-A122-423A-8CC3-27488E9E054A}.Release|Any CPU.ActiveCfg = Release|Any CPU
		{5E5C771F-A122-423A-8CC3-27488E9E054A}.Release|Any CPU.Build.0 = Release|Any CPU
		{26F5ECF2-47A5-481D-B9AD-E128B19F9EED}.Debug|Any CPU.ActiveCfg = Debug|Any CPU
		{26F5ECF2-47A5-481D-B9AD-E128B19F9EED}.Debug|Any CPU.Build.0 = Debug|Any CPU
		{26F5ECF2-47A5-481D-B9AD-E128B19F9EED}.Release|Any CPU.ActiveCfg = Release|Any CPU
		{26F5ECF2-47A5-481D-B9AD-E128B19F9EED}.Release|Any CPU.Build.0 = Release|Any CPU
		{A76E9F48-EA83-43CF-B13B-CBAFC62DE5F7}.Debug|Any CPU.ActiveCfg = Debug|Any CPU
		{A76E9F48-EA83-43CF-B13B-CBAFC62DE5F7}.Debug|Any CPU.Build.0 = Debug|Any CPU
		{A76E9F48-EA83-43CF-B13B-CBAFC62DE5F7}.Release|Any CPU.ActiveCfg = Release|Any CPU
		{A76E9F48-EA83-43CF-B13B-CBAFC62DE5F7}.Release|Any CPU.Build.0 = Release|Any CPU
		{D649E315-E43A-4BA7-A5E7-8BA4308DFF57}.Debug|Any CPU.ActiveCfg = Debug|Any CPU
		{D649E315-E43A-4BA7-A5E7-8BA4308DFF57}.Debug|Any CPU.Build.0 = Debug|Any CPU
		{D649E315-E43A-4BA7-A5E7-8BA4308DFF57}.Release|Any CPU.ActiveCfg = Release|Any CPU
		{D649E315-E43A-4BA7-A5E7-8BA4308DFF57}.Release|Any CPU.Build.0 = Release|Any CPU
		{1F594C76-CEF2-4F10-9D61-A76740C13049}.Debug|Any CPU.ActiveCfg = Debug|Any CPU
		{1F594C76-CEF2-4F10-9D61-A76740C13049}.Debug|Any CPU.Build.0 = Debug|Any CPU
		{1F594C76-CEF2-4F10-9D61-A76740C13049}.Release|Any CPU.ActiveCfg = Release|Any CPU
		{1F594C76-CEF2-4F10-9D61-A76740C13049}.Release|Any CPU.Build.0 = Release|Any CPU
		{B324E8AC-7F15-41A2-BA3F-D260D1E2F215}.Debug|Any CPU.ActiveCfg = Debug|Any CPU
		{B324E8AC-7F15-41A2-BA3F-D260D1E2F215}.Debug|Any CPU.Build.0 = Debug|Any CPU
		{B324E8AC-7F15-41A2-BA3F-D260D1E2F215}.Release|Any CPU.ActiveCfg = Release|Any CPU
		{B324E8AC-7F15-41A2-BA3F-D260D1E2F215}.Release|Any CPU.Build.0 = Release|Any CPU
		{71865433-9232-4299-A827-257664BBB16E}.Debug|Any CPU.ActiveCfg = Debug|Any CPU
		{71865433-9232-4299-A827-257664BBB16E}.Debug|Any CPU.Build.0 = Debug|Any CPU
		{71865433-9232-4299-A827-257664BBB16E}.Release|Any CPU.ActiveCfg = Release|Any CPU
		{71865433-9232-4299-A827-257664BBB16E}.Release|Any CPU.Build.0 = Release|Any CPU
		{D17CD489-1B14-47EB-8C22-C189D078AEC9}.Debug|Any CPU.ActiveCfg = Debug|Any CPU
		{D17CD489-1B14-47EB-8C22-C189D078AEC9}.Debug|Any CPU.Build.0 = Debug|Any CPU
		{D17CD489-1B14-47EB-8C22-C189D078AEC9}.Release|Any CPU.ActiveCfg = Release|Any CPU
		{D17CD489-1B14-47EB-8C22-C189D078AEC9}.Release|Any CPU.Build.0 = Release|Any CPU
		{224CA513-4213-4FD2-AE66-2227F91DCE6B}.Debug|Any CPU.ActiveCfg = Debug|Any CPU
		{224CA513-4213-4FD2-AE66-2227F91DCE6B}.Debug|Any CPU.Build.0 = Debug|Any CPU
		{224CA513-4213-4FD2-AE66-2227F91DCE6B}.Release|Any CPU.ActiveCfg = Release|Any CPU
		{224CA513-4213-4FD2-AE66-2227F91DCE6B}.Release|Any CPU.Build.0 = Release|Any CPU
		{6958EFD4-48AF-4DDA-A780-C55E7269F54C}.Debug|Any CPU.ActiveCfg = Debug|Any CPU
		{6958EFD4-48AF-4DDA-A780-C55E7269F54C}.Debug|Any CPU.Build.0 = Debug|Any CPU
		{6958EFD4-48AF-4DDA-A780-C55E7269F54C}.Release|Any CPU.ActiveCfg = Release|Any CPU
		{6958EFD4-48AF-4DDA-A780-C55E7269F54C}.Release|Any CPU.Build.0 = Release|Any CPU
	EndGlobalSection
	GlobalSection(SolutionProperties) = preSolution
		HideSolutionNode = FALSE
	EndGlobalSection
	GlobalSection(ExtensibilityGlobals) = postSolution
		SolutionGuid = {22C62AEC-4FBE-467D-9122-31BF7E6CAF33}
	EndGlobalSection
EndGlobal
