
Microsoft Visual Studio Solution File, Format Version 12.00
# Visual Studio 15
VisualStudioVersion = 15.0.27703.2042
MinimumVisualStudioVersion = 10.0.40219.1
Project("{FAE04EC0-301F-11D3-BF4B-00C04F79EFBC}") = "UpdateTotalMinutes", "UpdateTotalMinutes\UpdateTotalMinutes.csproj", "{80DA7AAD-E157-4D4B-B646-36A99D139B74}"
EndProject
Global
	GlobalSection(SolutionConfigurationPlatforms) = preSolution
		Debug|Any CPU = Debug|Any CPU
		Release|Any CPU = Release|Any CPU
	EndGlobalSection
	GlobalSection(ProjectConfigurationPlatforms) = postSolution
		{80DA7AAD-E157-4D4B-B646-36A99D139B74}.Debug|Any CPU.ActiveCfg = Debug|Any CPU
		{80DA7AAD-E157-4D4B-B646-36A99D139B74}.Debug|Any CPU.Build.0 = Debug|Any CPU
		{80DA7AAD-E157-4D4B-B646-36A99D139B74}.Release|Any CPU.ActiveCfg = Release|Any CPU
		{80DA7AAD-E157-4D4B-B646-36A99D139B74}.Release|Any CPU.Build.0 = Release|Any CPU
	EndGlobalSection
	GlobalSection(SolutionProperties) = preSolution
		HideSolutionNode = FALSE
	EndGlobalSection
	GlobalSection(ExtensibilityGlobals) = postSolution
		SolutionGuid = {D296C7F8-3020-4359-9BA0-89601C6D83C2}
	EndGlobalSection
EndGlobal
